
Microsoft Visual Studio Solution File, Format Version 12.00
# Visual Studio Version 16
VisualStudioVersion = 16.0.30413.136
MinimumVisualStudioVersion = 10.0.40219.1
Project("{9A19103F-16F7-4668-BE54-9A1E7A4F7556}") = "Phoenix2", "Phoenix2\Phoenix2.csproj", "{EE2EA5F8-623A-4177-82C9-B4156C97149C}"
EndProject
Project("{9A19103F-16F7-4668-BE54-9A1E7A4F7556}") = "PhoenixGameLibrary", "PhoenixGameLibrary\PhoenixGameLibrary.csproj", "{6EF3C570-283C-44C2-9025-3E17511F9E7D}"
EndProject
Project("{9A19103F-16F7-4668-BE54-9A1E7A4F7556}") = "PhoenixGamePresentation", "PhoenixGamePresentation\PhoenixGamePresentation.csproj", "{74030370-0CF1-4208-BFCD-9A9C6B990CFB}"
EndProject
Project("{9A19103F-16F7-4668-BE54-9A1E7A4F7556}") = "PhoenixTests", "PhoenixTests\PhoenixTests.csproj", "{9FE33083-6EC4-4A5C-9DAB-F2A3972C4B84}"
EndProject
Global
	GlobalSection(SolutionConfigurationPlatforms) = preSolution
		Debug|Any CPU = Debug|Any CPU
		Release|Any CPU = Release|Any CPU
	EndGlobalSection
	GlobalSection(ProjectConfigurationPlatforms) = postSolution
		{EE2EA5F8-623A-4177-82C9-B4156C97149C}.Debug|Any CPU.ActiveCfg = Debug|Any CPU
		{EE2EA5F8-623A-4177-82C9-B4156C97149C}.Debug|Any CPU.Build.0 = Debug|Any CPU
		{EE2EA5F8-623A-4177-82C9-B4156C97149C}.Release|Any CPU.ActiveCfg = Release|Any CPU
		{EE2EA5F8-623A-4177-82C9-B4156C97149C}.Release|Any CPU.Build.0 = Release|Any CPU
		{6EF3C570-283C-44C2-9025-3E17511F9E7D}.Debug|Any CPU.ActiveCfg = Debug|Any CPU
		{6EF3C570-283C-44C2-9025-3E17511F9E7D}.Debug|Any CPU.Build.0 = Debug|Any CPU
		{6EF3C570-283C-44C2-9025-3E17511F9E7D}.Release|Any CPU.ActiveCfg = Release|Any CPU
		{6EF3C570-283C-44C2-9025-3E17511F9E7D}.Release|Any CPU.Build.0 = Release|Any CPU
		{74030370-0CF1-4208-BFCD-9A9C6B990CFB}.Debug|Any CPU.ActiveCfg = Debug|Any CPU
		{74030370-0CF1-4208-BFCD-9A9C6B990CFB}.Debug|Any CPU.Build.0 = Debug|Any CPU
		{74030370-0CF1-4208-BFCD-9A9C6B990CFB}.Release|Any CPU.ActiveCfg = Release|Any CPU
		{74030370-0CF1-4208-BFCD-9A9C6B990CFB}.Release|Any CPU.Build.0 = Release|Any CPU
		{9FE33083-6EC4-4A5C-9DAB-F2A3972C4B84}.Debug|Any CPU.ActiveCfg = Debug|Any CPU
		{9FE33083-6EC4-4A5C-9DAB-F2A3972C4B84}.Debug|Any CPU.Build.0 = Debug|Any CPU
		{9FE33083-6EC4-4A5C-9DAB-F2A3972C4B84}.Release|Any CPU.ActiveCfg = Release|Any CPU
		{9FE33083-6EC4-4A5C-9DAB-F2A3972C4B84}.Release|Any CPU.Build.0 = Release|Any CPU
	EndGlobalSection
	GlobalSection(SolutionProperties) = preSolution
		HideSolutionNode = FALSE
	EndGlobalSection
	GlobalSection(ExtensibilityGlobals) = postSolution
		SolutionGuid = {43C5B521-A622-46E1-8AB2-61BE37051C8D}
	EndGlobalSection
EndGlobal
